
Microsoft Visual Studio Solution File, Format Version 12.00
# Visual Studio Version 17
VisualStudioVersion = 17.4.33205.214
MinimumVisualStudioVersion = 10.0.40219.1
Project("{8BC9CEB8-8B4A-11D0-8D11-00A0C91BC942}") = "ex数据结构算法课程设计", "ex数据结构算法课程设计.vcxproj", "{1A93DB97-BFD5-4FCC-AF5F-9E2559038486}"
EndProject
Global
	GlobalSection(SolutionConfigurationPlatforms) = preSolution
		Debug|x64 = Debug|x64
		Debug|x86 = Debug|x86
		Release|x64 = Release|x64
		Release|x86 = Release|x86
	EndGlobalSection
	GlobalSection(ProjectConfigurationPlatforms) = postSolution
		{1A93DB97-BFD5-4FCC-AF5F-9E2559038486}.Debug|x64.ActiveCfg = Debug|x64
		{1A93DB97-BFD5-4FCC-AF5F-9E2559038486}.Debug|x64.Build.0 = Debug|x64
		{1A93DB97-BFD5-4FCC-AF5F-9E2559038486}.Debug|x86.ActiveCfg = Debug|Win32
		{1A93DB97-BFD5-4FCC-AF5F-9E2559038486}.Debug|x86.Build.0 = Debug|Win32
		{1A93DB97-BFD5-4FCC-AF5F-9E2559038486}.Release|x64.ActiveCfg = Release|x64
		{1A93DB97-BFD5-4FCC-AF5F-9E2559038486}.Release|x64.Build.0 = Release|x64
		{1A93DB97-BFD5-4FCC-AF5F-9E2559038486}.Release|x86.ActiveCfg = Release|Win32
		{1A93DB97-BFD5-4FCC-AF5F-9E2559038486}.Release|x86.Build.0 = Release|Win32
	EndGlobalSection
	GlobalSection(SolutionProperties) = preSolution
		HideSolutionNode = FALSE
	EndGlobalSection
	GlobalSection(ExtensibilityGlobals) = postSolution
		SolutionGuid = {3A364265-11B5-4D6F-87C0-4DF5C69322B0}
	EndGlobalSection
EndGlobal
